
Microsoft Visual Studio Solution File, Format Version 12.00
# Visual Studio Version 17
VisualStudioVersion = 17.1.32319.34
MinimumVisualStudioVersion = 10.0.40219.1
Project("{FAE04EC0-301F-11D3-BF4B-00C04F79EFBC}") = "WebAPICore", "WebAPICore\WebAPICore.csproj", "{C1BA325A-744F-457B-B8D5-515978527D69}"
EndProject
Global
	GlobalSection(SolutionConfigurationPlatforms) = preSolution
		Debug|Any CPU = Debug|Any CPU
		Release|Any CPU = Release|Any CPU
	EndGlobalSection
	GlobalSection(ProjectConfigurationPlatforms) = postSolution
		{C1BA325A-744F-457B-B8D5-515978527D69}.Debug|Any CPU.ActiveCfg = Debug|Any CPU
		{C1BA325A-744F-457B-B8D5-515978527D69}.Debug|Any CPU.Build.0 = Debug|Any CPU
		{C1BA325A-744F-457B-B8D5-515978527D69}.Release|Any CPU.ActiveCfg = Release|Any CPU
		{C1BA325A-744F-457B-B8D5-515978527D69}.Release|Any CPU.Build.0 = Release|Any CPU
	EndGlobalSection
	GlobalSection(SolutionProperties) = preSolution
		HideSolutionNode = FALSE
	EndGlobalSection
	GlobalSection(ExtensibilityGlobals) = postSolution
		SolutionGuid = {7E24C2E4-C7D4-453C-A22F-50A2342E1344}
	EndGlobalSection
EndGlobal
